// !$*UTF8*$!
{
	archiveVersion = 1;
	classes = {
	};
	objectVersion = 46;
	objects = {

/* Begin PBXBuildFile section */
		1E2E17AD131E8B5D0048F3C7 /* project/assets in Resources */ = {isa = PBXBuildFile; fileRef = 1E2E17A5131E8B5D0048F3C7 /* project/assets */; };
		1EEEBA9B121AF1C60048A9DF /* UIKit.framework in Frameworks */ = {isa = PBXBuildFile; fileRef = 1EEEBA9A121AF1C60048A9DF /* UIKit.framework */; };
		1EEEBAA3121AF2210048A9DF /* OpenAL.framework in Frameworks */ = {isa = PBXBuildFile; fileRef = 1EEEBAA2121AF2210048A9DF /* OpenAL.framework */; };
		1EEEBAA5121AF2210048A9DF /* OpenGLES.framework in Frameworks */ = {isa = PBXBuildFile; fileRef = 1EEEBAA4121AF2210048A9DF /* OpenGLES.framework */; };
		1EEEBAA7121AF2210048A9DF /* QuartzCore.framework in Frameworks */ = {isa = PBXBuildFile; fileRef = 1EEEBAA6121AF2210048A9DF /* QuartzCore.framework */; };
		1EEEBAB3121AF2880048A9D0 /* CoreMotion.framework in Frameworks */ = {isa = PBXBuildFile; fileRef = 1EEEBAB2121AF2880048A9D0 /* CoreMotion.framework */; };
		1EEEBAB3121AF2880048A9D1 /* MediaPlayer.framework in Frameworks */ = {isa = PBXBuildFile; fileRef = 1EEEBAB2121AF2880048A9D1 /* MediaPlayer.framework */; };
		1EEEBAB3121AF2880048A9DF /* CoreAudio.framework in Frameworks */ = {isa = PBXBuildFile; fileRef = 1EEEBAB2121AF2880048A9DF /* CoreAudio.framework */; };
		1EEEBAB5121AF2880048A9DF /* CoreGraphics.framework in Frameworks */ = {isa = PBXBuildFile; fileRef = 1EEEBAB4121AF2880048A9DF /* CoreGraphics.framework */; };
		1EEEBAFC121BE2980048A9DF /* AudioToolbox.framework in Frameworks */ = {isa = PBXBuildFile; fileRef = 1EEEBAFB121BE2980048A9DF /* AudioToolbox.framework */; };
		1EEEBAFE121BE2980048A9DF /* AVFoundation.framework in Frameworks */ = {isa = PBXBuildFile; fileRef = 1EEEBAFD121BE2980048A9DF /* AVFoundation.framework */; };
		1EEEBB00121BE2B30048A9DF /* Foundation.framework in Frameworks */ = {isa = PBXBuildFile; fileRef = 1EEEBAFF121BE2B30048A9DF /* Foundation.framework */; };
		1EF0A83A121ADB8E003F2F59 /* Main.mm in Sources */ = {isa = PBXBuildFile; fileRef = 1EF0A839121ADB8E003F2F59 /* Main.mm */; };
		2619B0091978784F003DB9A7 /* Images.xcassets in Resources */ = {isa = PBXBuildFile; fileRef = 2619B0081978784F003DB9A7 /* Images.xcassets */; };
		4079DA641C769A2700B81DF7 /* GameController.framework in Frameworks */ = {isa = PBXBuildFile; fileRef = 4079DA631C769A2700B81DF7 /* GameController.framework */; };
		7E328C852014F9B700495FE2 /* LaunchScreen.storyboard in Resources */ = {isa = PBXBuildFile; fileRef = 7E328C842014F9B700495FE2 /* LaunchScreen.storyboard */; };
		7E7BE9262029EA0300CBF16B /* SwiftClasses.h in Headers */ = {isa = PBXBuildFile; fileRef = 7E7BE9242029EA0300CBF16B /* SwiftClasses.h */; settings = {ATTRIBUTES = (Public, ); }; };
		7E7BE9292029EA0300CBF16B /* SwiftClasses.framework in Frameworks */ = {isa = PBXBuildFile; fileRef = 7E7BE9222029EA0300CBF16B /* SwiftClasses.framework */; };
		7E7BE92A2029EA0300CBF16B /* SwiftClasses.framework in Embed Frameworks */ = {isa = PBXBuildFile; fileRef = 7E7BE9222029EA0300CBF16B /* SwiftClasses.framework */; settings = {ATTRIBUTES = (CodeSignOnCopy, RemoveHeadersOnCopy, ); }; };
		7E7BE9302029EAE800CBF16B /* AppSwiftInterface.swift in Sources */ = {isa = PBXBuildFile; fileRef = 7E7BE92F2029EAE800CBF16B /* AppSwiftInterface.swift */; };
		7E98D3DB201505160043EFE0 /* AppNativeInterface.m in Sources */ = {isa = PBXBuildFile; fileRef = 7E98D3DA201505160043EFE0 /* AppNativeInterface.m */; };
		D6368FAAC054F36ABE278E25 /* Pods_MyApp.framework in Frameworks */ = {isa = PBXBuildFile; fileRef = F1ACD781366BF21F2B6A922C /* Pods_MyApp.framework */; };
/* End PBXBuildFile section */

/* Begin PBXContainerItemProxy section */
		7E7BE9272029EA0300CBF16B /* PBXContainerItemProxy */ = {
			isa = PBXContainerItemProxy;
			containerPortal = 29B97313FDCFA39411CA2CEA /* Project object */;
			proxyType = 1;
			remoteGlobalIDString = 7E7BE9212029EA0300CBF16B;
			remoteInfo = SwiftClasses;
		};
/* End PBXContainerItemProxy section */

/* Begin PBXCopyFilesBuildPhase section */
		7E7BE92E2029EA0300CBF16B /* Embed Frameworks */ = {
			isa = PBXCopyFilesBuildPhase;
			buildActionMask = 2147483647;
			dstPath = "";
			dstSubfolderSpec = 10;
			files = (
				7E7BE92A2029EA0300CBF16B /* SwiftClasses.framework in Embed Frameworks */,
			);
			name = "Embed Frameworks";
			runOnlyForDeploymentPostprocessing = 0;
		};
/* End PBXCopyFilesBuildPhase section */

/* Begin PBXFileReference section */
		1D6058910D05DD3D006BFB54 /* MyApp.app */ = {isa = PBXFileReference; explicitFileType = wrapper.application; includeInIndex = 0; path = MyApp.app; sourceTree = BUILT_PRODUCTS_DIR; };
		1E2E17A5131E8B5D0048F3C7 /* project/assets */ = {isa = PBXFileReference; lastKnownFileType = folder; path = project/assets; sourceTree = "<group>"; };
		1EEEBA9A121AF1C60048A9DF /* UIKit.framework */ = {isa = PBXFileReference; lastKnownFileType = wrapper.framework; name = UIKit.framework; path = System/Library/Frameworks/UIKit.framework; sourceTree = SDKROOT; };
		1EEEBAA2121AF2210048A9DF /* OpenAL.framework */ = {isa = PBXFileReference; lastKnownFileType = wrapper.framework; name = OpenAL.framework; path = System/Library/Frameworks/OpenAL.framework; sourceTree = SDKROOT; };
		1EEEBAA4121AF2210048A9DF /* OpenGLES.framework */ = {isa = PBXFileReference; lastKnownFileType = wrapper.framework; name = OpenGLES.framework; path = System/Library/Frameworks/OpenGLES.framework; sourceTree = SDKROOT; };
		1EEEBAA6121AF2210048A9DF /* QuartzCore.framework */ = {isa = PBXFileReference; lastKnownFileType = wrapper.framework; name = QuartzCore.framework; path = System/Library/Frameworks/QuartzCore.framework; sourceTree = SDKROOT; };
		1EEEBAB2121AF2880048A9D0 /* CoreMotion.framework */ = {isa = PBXFileReference; lastKnownFileType = wrapper.framework; name = CoreMotion.framework; path = System/Library/Frameworks/CoreMotion.framework; sourceTree = SDKROOT; };
		1EEEBAB2121AF2880048A9D1 /* MediaPlayer.framework */ = {isa = PBXFileReference; lastKnownFileType = wrapper.framework; name = MediaPlayer.framework; path = System/Library/Frameworks/MediaPlayer.framework; sourceTree = SDKROOT; };
		1EEEBAB2121AF2880048A9DF /* CoreAudio.framework */ = {isa = PBXFileReference; lastKnownFileType = wrapper.framework; name = CoreAudio.framework; path = System/Library/Frameworks/CoreAudio.framework; sourceTree = SDKROOT; };
		1EEEBAB4121AF2880048A9DF /* CoreGraphics.framework */ = {isa = PBXFileReference; lastKnownFileType = wrapper.framework; name = CoreGraphics.framework; path = System/Library/Frameworks/CoreGraphics.framework; sourceTree = SDKROOT; };
		1EEEBAFB121BE2980048A9DF /* AudioToolbox.framework */ = {isa = PBXFileReference; lastKnownFileType = wrapper.framework; name = AudioToolbox.framework; path = System/Library/Frameworks/AudioToolbox.framework; sourceTree = SDKROOT; };
		1EEEBAFD121BE2980048A9DF /* AVFoundation.framework */ = {isa = PBXFileReference; lastKnownFileType = wrapper.framework; name = AVFoundation.framework; path = System/Library/Frameworks/AVFoundation.framework; sourceTree = SDKROOT; };
		1EEEBAFF121BE2B30048A9DF /* Foundation.framework */ = {isa = PBXFileReference; lastKnownFileType = wrapper.framework; name = Foundation.framework; path = System/Library/Frameworks/Foundation.framework; sourceTree = SDKROOT; };
		1EF0A839121ADB8E003F2F59 /* Main.mm */ = {isa = PBXFileReference; fileEncoding = 4; lastKnownFileType = sourcecode.cpp.cpp; name = Main.mm; path = project/Classes/Main.mm; sourceTree = SOURCE_ROOT; };
		2619B0081978784F003DB9A7 /* Images.xcassets */ = {isa = PBXFileReference; lastKnownFileType = folder.assetcatalog; name = Images.xcassets; path = project/Images.xcassets; sourceTree = "<group>"; };
		385C8EC51281B7E04E538898 /* Pods-MyApp.debug.xcconfig */ = {isa = PBXFileReference; includeInIndex = 1; lastKnownFileType = text.xcconfig; name = "Pods-MyApp.debug.xcconfig"; path = "Pods/Target Support Files/Pods-MyApp/Pods-MyApp.debug.xcconfig"; sourceTree = "<group>"; };
		4079DA631C769A2700B81DF7 /* GameController.framework */ = {isa = PBXFileReference; lastKnownFileType = wrapper.framework; name = GameController.framework; path = System/Library/Frameworks/GameController.framework; sourceTree = SDKROOT; };
		526DA2E4B8FB494E92C629A8 /* Pods-MyApp.release.xcconfig */ = {isa = PBXFileReference; includeInIndex = 1; lastKnownFileType = text.xcconfig; name = "Pods-MyApp.release.xcconfig"; path = "Pods/Target Support Files/Pods-MyApp/Pods-MyApp.release.xcconfig"; sourceTree = "<group>"; };
		7E328C842014F9B700495FE2 /* LaunchScreen.storyboard */ = {isa = PBXFileReference; lastKnownFileType = file.storyboard; path = LaunchScreen.storyboard; sourceTree = "<group>"; };
		7E7BE9222029EA0300CBF16B /* SwiftClasses.framework */ = {isa = PBXFileReference; explicitFileType = wrapper.framework; includeInIndex = 0; path = SwiftClasses.framework; sourceTree = BUILT_PRODUCTS_DIR; };
		7E7BE9242029EA0300CBF16B /* SwiftClasses.h */ = {isa = PBXFileReference; lastKnownFileType = sourcecode.c.h; path = SwiftClasses.h; sourceTree = "<group>"; };
		7E7BE9252029EA0300CBF16B /* Info.plist */ = {isa = PBXFileReference; lastKnownFileType = text.plist.xml; path = Info.plist; sourceTree = "<group>"; };
		7E7BE92F2029EAE800CBF16B /* AppSwiftInterface.swift */ = {isa = PBXFileReference; lastKnownFileType = sourcecode.swift; path = AppSwiftInterface.swift; sourceTree = "<group>"; };
		7E98D3D9201505160043EFE0 /* AppNativeInterface.h */ = {isa = PBXFileReference; lastKnownFileType = sourcecode.c.h; path = AppNativeInterface.h; sourceTree = "<group>"; };
		7E98D3DA201505160043EFE0 /* AppNativeInterface.m */ = {isa = PBXFileReference; lastKnownFileType = sourcecode.c.objc; path = AppNativeInterface.m; sourceTree = "<group>"; };
		8D1107310486CEB800E47090 /* project/project-Info.plist */ = {isa = PBXFileReference; fileEncoding = 4; lastKnownFileType = text.plist.xml; path = "project/project-Info.plist"; plistStructureDefinitionIdentifier = "com.apple.xcode.plist.structure-definition.iphone.info-plist"; sourceTree = "<group>"; };
		F1ACD781366BF21F2B6A922C /* Pods_MyApp.framework */ = {isa = PBXFileReference; explicitFileType = wrapper.framework; includeInIndex = 0; path = Pods_MyApp.framework; sourceTree = BUILT_PRODUCTS_DIR; };
/* End PBXFileReference section */

/* Begin PBXFrameworksBuildPhase section */
		1D60588F0D05DD3D006BFB54 /* Frameworks */ = {
			isa = PBXFrameworksBuildPhase;
			buildActionMask = 2147483647;
			files = (
				4079DA641C769A2700B81DF7 /* GameController.framework in Frameworks */,
				1EEEBA9B121AF1C60048A9DF /* UIKit.framework in Frameworks */,
				1EEEBAA3121AF2210048A9DF /* OpenAL.framework in Frameworks */,
				1EEEBAA5121AF2210048A9DF /* OpenGLES.framework in Frameworks */,
				1EEEBAA7121AF2210048A9DF /* QuartzCore.framework in Frameworks */,
				1EEEBAB3121AF2880048A9DF /* CoreAudio.framework in Frameworks */,
				1EEEBAB5121AF2880048A9DF /* CoreGraphics.framework in Frameworks */,
				1EEEBAFC121BE2980048A9DF /* AudioToolbox.framework in Frameworks */,
				1EEEBAFE121BE2980048A9DF /* AVFoundation.framework in Frameworks */,
				7E7BE9292029EA0300CBF16B /* SwiftClasses.framework in Frameworks */,
				1EEEBB00121BE2B30048A9DF /* Foundation.framework in Frameworks */,
				1EEEBAB3121AF2880048A9D0 /* CoreMotion.framework in Frameworks */,
				1EEEBAB3121AF2880048A9D1 /* MediaPlayer.framework in Frameworks */,
				D6368FAAC054F36ABE278E25 /* Pods_MyApp.framework in Frameworks */,
			);
			runOnlyForDeploymentPostprocessing = 0;
		};
		7E7BE91E2029EA0300CBF16B /* Frameworks */ = {
			isa = PBXFrameworksBuildPhase;
			buildActionMask = 2147483647;
			files = (
			);
			runOnlyForDeploymentPostprocessing = 0;
		};
/* End PBXFrameworksBuildPhase section */

/* Begin PBXGroup section */
		080E96DDFE201D6D7F000001 /* Classes */ = {
			isa = PBXGroup;
			children = (
				7E7BE9232029EA0300CBF16B /* Swift */,
				1EF0A839121ADB8E003F2F59 /* Main.mm */,
				7E98D3D9201505160043EFE0 /* AppNativeInterface.h */,
				7E98D3DA201505160043EFE0 /* AppNativeInterface.m */,
			);
			name = Classes;
			path = project/Classes;
			sourceTree = "<group>";
		};
		19C28FACFE9D520D11CA2CBB /* Products */ = {
			isa = PBXGroup;
			children = (
				1D6058910D05DD3D006BFB54 /* MyApp.app */,
				7E7BE9222029EA0300CBF16B /* SwiftClasses.framework */,
			);
			name = Products;
			sourceTree = "<group>";
		};
		1EEEBA99121AF18B0048A9DF /* Frameworks */ = {
			isa = PBXGroup;
			children = (
				4079DA631C769A2700B81DF7 /* GameController.framework */,
				1EEEBA9A121AF1C60048A9DF /* UIKit.framework */,
				1EEEBAA2121AF2210048A9DF /* OpenAL.framework */,
				1EEEBAA4121AF2210048A9DF /* OpenGLES.framework */,
				1EEEBAA6121AF2210048A9DF /* QuartzCore.framework */,
				1EEEBAB2121AF2880048A9DF /* CoreAudio.framework */,
				1EEEBAB4121AF2880048A9DF /* CoreGraphics.framework */,
				1EEEBAFF121BE2B30048A9DF /* Foundation.framework */,
				1EEEBAFB121BE2980048A9DF /* AudioToolbox.framework */,
				1EEEBAFD121BE2980048A9DF /* AVFoundation.framework */,
				1EEEBAB2121AF2880048A9D0 /* CoreMotion.framework */,
				1EEEBAB2121AF2880048A9D1 /* MediaPlayer.framework */,
				F1ACD781366BF21F2B6A922C /* Pods_MyApp.framework */,
			);
			name = Frameworks;
			sourceTree = "<group>";
		};
		29B97314FDCFA39411CA2CEA /* CustomTemplate */ = {
			isa = PBXGroup;
			children = (
				1EEEBA99121AF18B0048A9DF /* Frameworks */,
				080E96DDFE201D6D7F000001 /* Classes */,
				29B97315FDCFA39411CA2CEA /* Other Sources */,
				29B97317FDCFA39411CA2CEA /* Resources */,
				19C28FACFE9D520D11CA2CBB /* Products */,
				BBB0FECD0B73CA9360CCDB56 /* Pods */,
			);
			name = CustomTemplate;
			sourceTree = "<group>";
		};
		29B97315FDCFA39411CA2CEA /* Other Sources */ = {
			isa = PBXGroup;
			children = (
			);
			name = "Other Sources";
			sourceTree = "<group>";
		};
		29B97317FDCFA39411CA2CEA /* Resources */ = {
			isa = PBXGroup;
			children = (
				2619B0081978784F003DB9A7 /* Images.xcassets */,
				8D1107310486CEB800E47090 /* project/project-Info.plist */,
				1E2E17A5131E8B5D0048F3C7 /* project/assets */,
				7E328C842014F9B700495FE2 /* LaunchScreen.storyboard */,
			);
			name = Resources;
			sourceTree = "<group>";
		};
		7E7BE9232029EA0300CBF16B /* Swift */ = {
			isa = PBXGroup;
			children = (
				7E7BE9242029EA0300CBF16B /* SwiftClasses.h */,
				7E7BE9252029EA0300CBF16B /* Info.plist */,
				7E7BE92F2029EAE800CBF16B /* AppSwiftInterface.swift */,
			);
			path = Swift;
			sourceTree = "<group>";
		};
		BBB0FECD0B73CA9360CCDB56 /* Pods */ = {
			isa = PBXGroup;
			children = (
				385C8EC51281B7E04E538898 /* Pods-MyApp.debug.xcconfig */,
				526DA2E4B8FB494E92C629A8 /* Pods-MyApp.release.xcconfig */,
			);
			name = Pods;
			sourceTree = "<group>";
		};
/* End PBXGroup section */

/* Begin PBXHeadersBuildPhase section */
		7E7BE91F2029EA0300CBF16B /* Headers */ = {
			isa = PBXHeadersBuildPhase;
			buildActionMask = 2147483647;
			files = (
				7E7BE9262029EA0300CBF16B /* SwiftClasses.h in Headers */,
			);
			runOnlyForDeploymentPostprocessing = 0;
		};
/* End PBXHeadersBuildPhase section */

/* Begin PBXNativeTarget section */
		1D6058900D05DD3D006BFB54 /* MyApp */ = {
			isa = PBXNativeTarget;
			buildConfigurationList = 1D6058960D05DD3E006BFB54 /* Build configuration list for PBXNativeTarget "MyApp" */;
			buildPhases = (
				CCEAF4749D2C1E00016A407C /* [CP] Check Pods Manifest.lock */,
				26CE64D519C4D0EA00ED5864 /* Ceramic / Haxe */,
				1D60588D0D05DD3D006BFB54 /* Resources */,
				1D60588E0D05DD3D006BFB54 /* Sources */,
				1D60588F0D05DD3D006BFB54 /* Frameworks */,
				7C85C123D9B70236B5FD18C5 /* [CP] Embed Pods Frameworks */,
				34575724287AC3A04DE48341 /* [CP] Copy Pods Resources */,
				7E7BE92E2029EA0300CBF16B /* Embed Frameworks */,
			);
			buildRules = (
			);
			dependencies = (
				7E7BE9282029EA0300CBF16B /* PBXTargetDependency */,
			);
			name = MyApp;
			productName = MyApp;
			productReference = 1D6058910D05DD3D006BFB54 /* MyApp.app */;
			productType = "com.apple.product-type.application";
		};
		7E7BE9212029EA0300CBF16B /* SwiftClasses */ = {
			isa = PBXNativeTarget;
			buildConfigurationList = 7E7BE92D2029EA0300CBF16B /* Build configuration list for PBXNativeTarget "SwiftClasses" */;
			buildPhases = (
				7E7BE91D2029EA0300CBF16B /* Sources */,
				7E7BE91E2029EA0300CBF16B /* Frameworks */,
				7E7BE91F2029EA0300CBF16B /* Headers */,
				7E7BE9202029EA0300CBF16B /* Resources */,
				7E7BE9312029F1E600CBF16B /* Copy Objective-C Header */,
			);
			buildRules = (
			);
			dependencies = (
			);
			name = SwiftClasses;
			productName = SwiftClasses;
			productReference = 7E7BE9222029EA0300CBF16B /* SwiftClasses.framework */;
			productType = "com.apple.product-type.framework";
		};
/* End PBXNativeTarget section */

/* Begin PBXProject section */
		29B97313FDCFA39411CA2CEA /* Project object */ = {
			isa = PBXProject;
			attributes = {
				LastUpgradeCheck = 0920;
				TargetAttributes = {
					1D6058900D05DD3D006BFB54 = {
						DevelopmentTeam = UMH9Q352QB;
					};
					7E7BE9212029EA0300CBF16B = {
						CreatedOnToolsVersion = 9.2;
						DevelopmentTeam = UMH9Q352QB;
						LastSwiftMigration = 0920;
						ProvisioningStyle = Automatic;
					};
				};
			};
			buildConfigurationList = C01FCF4E08A954540054247B /* Build configuration list for PBXProject "MyApp" */;
			compatibilityVersion = "Xcode 3.2";
			developmentRegion = English;
			hasScannedForEncodings = 1;
			knownRegions = (
				en,
			);
			mainGroup = 29B97314FDCFA39411CA2CEA /* CustomTemplate */;
			productRefGroup = 19C28FACFE9D520D11CA2CBB /* Products */;
			projectDirPath = "";
			projectRoot = "";
			targets = (
				1D6058900D05DD3D006BFB54 /* MyApp */,
				7E7BE9212029EA0300CBF16B /* SwiftClasses */,
			);
		};
/* End PBXProject section */

/* Begin PBXResourcesBuildPhase section */
		1D60588D0D05DD3D006BFB54 /* Resources */ = {
			isa = PBXResourcesBuildPhase;
			buildActionMask = 2147483647;
			files = (
				7E328C852014F9B700495FE2 /* LaunchScreen.storyboard in Resources */,
				1E2E17AD131E8B5D0048F3C7 /* project/assets in Resources */,
				2619B0091978784F003DB9A7 /* Images.xcassets in Resources */,
			);
			runOnlyForDeploymentPostprocessing = 0;
		};
		7E7BE9202029EA0300CBF16B /* Resources */ = {
			isa = PBXResourcesBuildPhase;
			buildActionMask = 2147483647;
			files = (
			);
			runOnlyForDeploymentPostprocessing = 0;
		};
/* End PBXResourcesBuildPhase section */

/* Begin PBXShellScriptBuildPhase section */
		26CE64D519C4D0EA00ED5864 /* Ceramic / Haxe */ = {
			isa = PBXShellScriptBuildPhase;
			buildActionMask = 2147483647;
			files = (
			);
			inputPaths = (
			);
			name = "Ceramic / Haxe";
			outputPaths = (
			);
			runOnlyForDeploymentPostprocessing = 0;
			shellPath = /bin/sh;
			shellScript = "./build-haxe.sh\n";
		};
		34575724287AC3A04DE48341 /* [CP] Copy Pods Resources */ = {
			isa = PBXShellScriptBuildPhase;
			buildActionMask = 2147483647;
			files = (
			);
			inputPaths = (
			);
			name = "[CP] Copy Pods Resources";
			outputPaths = (
			);
			runOnlyForDeploymentPostprocessing = 0;
			shellPath = /bin/sh;
			shellScript = "\"${SRCROOT}/Pods/Target Support Files/Pods-MyApp/Pods-MyApp-resources.sh\"\n";
			showEnvVarsInLog = 0;
		};
		7C85C123D9B70236B5FD18C5 /* [CP] Embed Pods Frameworks */ = {
			isa = PBXShellScriptBuildPhase;
			buildActionMask = 2147483647;
			files = (
			);
			inputPaths = (
			);
			name = "[CP] Embed Pods Frameworks";
			outputPaths = (
			);
			runOnlyForDeploymentPostprocessing = 0;
			shellPath = /bin/sh;
			shellScript = "\"${SRCROOT}/Pods/Target Support Files/Pods-MyApp/Pods-MyApp-frameworks.sh\"\n";
			showEnvVarsInLog = 0;
		};
		7E7BE9312029F1E600CBF16B /* Copy Objective-C Header */ = {
			isa = PBXShellScriptBuildPhase;
			buildActionMask = 2147483647;
			files = (
			);
			inputPaths = (
			);
			name = "Copy Objective-C Header";
			outputPaths = (
			);
			runOnlyForDeploymentPostprocessing = 0;
			shellPath = /bin/sh;
			shellScript = "HEADER_PATH=$BUILD_DIR\"/\"$CONFIGURATION\"\"$EFFECTIVE_PLATFORM_NAME\"/SwiftClasses.framework/Headers/SwiftClasses-Swift.h\"\ncp -f $HEADER_PATH $PROJECT_DIR\"/SwiftClasses-Swift.h\"";
		};
		CCEAF4749D2C1E00016A407C /* [CP] Check Pods Manifest.lock */ = {
			isa = PBXShellScriptBuildPhase;
			buildActionMask = 2147483647;
			files = (
			);
			inputPaths = (
				"${PODS_PODFILE_DIR_PATH}/Podfile.lock",
				"${PODS_ROOT}/Manifest.lock",
			);
			name = "[CP] Check Pods Manifest.lock";
			outputPaths = (
				"$(DERIVED_FILE_DIR)/Pods-MyApp-checkManifestLockResult.txt",
			);
			runOnlyForDeploymentPostprocessing = 0;
			shellPath = /bin/sh;
			shellScript = "diff \"${PODS_PODFILE_DIR_PATH}/Podfile.lock\" \"${PODS_ROOT}/Manifest.lock\" > /dev/null\nif [ $? != 0 ] ; then\n    # print error to STDERR\n    echo \"error: The sandbox is not in sync with the Podfile.lock. Run 'pod install' or update your CocoaPods installation.\" >&2\n    exit 1\nfi\n# This output is used by Xcode 'outputs' to avoid re-running this script phase.\necho \"SUCCESS\" > \"${SCRIPT_OUTPUT_FILE_0}\"\n";
			showEnvVarsInLog = 0;
		};
/* End PBXShellScriptBuildPhase section */

/* Begin PBXSourcesBuildPhase section */
		1D60588E0D05DD3D006BFB54 /* Sources */ = {
			isa = PBXSourcesBuildPhase;
			buildActionMask = 2147483647;
			files = (
				7E98D3DB201505160043EFE0 /* AppNativeInterface.m in Sources */,
				1EF0A83A121ADB8E003F2F59 /* Main.mm in Sources */,
			);
			runOnlyForDeploymentPostprocessing = 0;
		};
		7E7BE91D2029EA0300CBF16B /* Sources */ = {
			isa = PBXSourcesBuildPhase;
			buildActionMask = 2147483647;
			files = (
				7E7BE9302029EAE800CBF16B /* AppSwiftInterface.swift in Sources */,
			);
			runOnlyForDeploymentPostprocessing = 0;
		};
/* End PBXSourcesBuildPhase section */

/* Begin PBXTargetDependency section */
		7E7BE9282029EA0300CBF16B /* PBXTargetDependency */ = {
			isa = PBXTargetDependency;
			target = 7E7BE9212029EA0300CBF16B /* SwiftClasses */;
			targetProxy = 7E7BE9272029EA0300CBF16B /* PBXContainerItemProxy */;
		};
/* End PBXTargetDependency section */

/* Begin XCBuildConfiguration section */
		1D6058940D05DD3E006BFB54 /* Debug */ = {
			isa = XCBuildConfiguration;
			baseConfigurationReference = 385C8EC51281B7E04E538898 /* Pods-MyApp.debug.xcconfig */;
			buildSettings = {
				ALWAYS_EMBED_SWIFT_STANDARD_LIBRARIES = YES;
				ASSETCATALOG_COMPILER_APPICON_NAME = AppIcon;
				CLANG_CXX_LIBRARY = "libc++";
				CODE_SIGN_IDENTITY = "iPhone Developer";
				"CODE_SIGN_IDENTITY[sdk=iphoneos*]" = "iPhone Developer";
				DEAD_CODE_STRIPPING = NO;
				DEVELOPMENT_TEAM = UMH9Q352QB;
				ENABLE_BITCODE = NO;
				FRAMEWORK_SEARCH_PATHS = "$(inherited)";
				GCC_PRECOMPILE_PREFIX_HEADER = YES;
				GCC_PREFIX_HEADER = "project/project-Prefix.pch";
				INFOPLIST_FILE = "project/project-Info.plist";
				IPHONEOS_DEPLOYMENT_TARGET = 8.0;
				LD_RUNPATH_SEARCH_PATHS = "$(inherited) @executable_path/Frameworks";
				LIBRARY_SEARCH_PATHS = (
					"$(inherited)",
					"$(PROJECT_DIR)/../../out/luxe/ios/bin/ios.build/cpp",
				);
				OTHER_LDFLAGS = (
					"$(inherited)",
					"-l",
					"\"MyApp\"",
				);
				PRODUCT_BUNDLE_IDENTIFIER = mycompany.MyApp;
				PRODUCT_NAME = "$(TARGET_NAME)";
				PROVISIONING_PROFILE = "";
				STRIP_INSTALLED_PRODUCT = NO;
				TARGETED_DEVICE_FAMILY = "1,2";
				WRAPPER_EXTENSION = app;
			};
			name = Debug;
		};
		1D6058950D05DD3E006BFB54 /* Release */ = {
			isa = XCBuildConfiguration;
			baseConfigurationReference = 526DA2E4B8FB494E92C629A8 /* Pods-MyApp.release.xcconfig */;
			buildSettings = {
				ALWAYS_EMBED_SWIFT_STANDARD_LIBRARIES = YES;
				ASSETCATALOG_COMPILER_APPICON_NAME = AppIcon;
				CLANG_CXX_LIBRARY = "libc++";
				CODE_SIGN_IDENTITY = "iPhone Developer";
				"CODE_SIGN_IDENTITY[sdk=iphoneos*]" = "iPhone Developer";
				DEVELOPMENT_TEAM = UMH9Q352QB;
				ENABLE_BITCODE = NO;
				FRAMEWORK_SEARCH_PATHS = "$(inherited)";
				GCC_PRECOMPILE_PREFIX_HEADER = YES;
				GCC_PREFIX_HEADER = "project/project-Prefix.pch";
				INFOPLIST_FILE = "project/project-Info.plist";
				IPHONEOS_DEPLOYMENT_TARGET = 8.0;
				LD_RUNPATH_SEARCH_PATHS = "$(inherited) @executable_path/Frameworks";
				LIBRARY_SEARCH_PATHS = (
					"$(inherited)",
					"$(PROJECT_DIR)/../../out/luxe/ios/bin/ios.build/cpp",
				);
				OTHER_LDFLAGS = (
					"$(inherited)",
					"-l",
					"\"MyApp\"",
				);
				PRODUCT_BUNDLE_IDENTIFIER = mycompany.MyApp;
				PRODUCT_NAME = "$(TARGET_NAME)";
				PROVISIONING_PROFILE = "";
				TARGETED_DEVICE_FAMILY = "1,2";
				WRAPPER_EXTENSION = app;
			};
			name = Release;
		};
		7E7BE92B2029EA0300CBF16B /* Debug */ = {
			isa = XCBuildConfiguration;
			buildSettings = {
				CLANG_ANALYZER_NONNULL = YES;
				CLANG_ANALYZER_NUMBER_OBJECT_CONVERSION = YES_AGGRESSIVE;
				CLANG_CXX_LANGUAGE_STANDARD = "gnu++14";
				CLANG_CXX_LIBRARY = "libc++";
				CLANG_ENABLE_MODULES = YES;
				CLANG_ENABLE_OBJC_ARC = YES;
				CLANG_WARN_DIRECT_OBJC_ISA_USAGE = YES_ERROR;
				CLANG_WARN_DOCUMENTATION_COMMENTS = YES;
				CLANG_WARN_OBJC_ROOT_CLASS = YES_ERROR;
				CLANG_WARN_UNGUARDED_AVAILABILITY = YES_AGGRESSIVE;
				CODE_SIGN_IDENTITY = "iPhone Developer";
				"CODE_SIGN_IDENTITY[sdk=iphoneos*]" = "iPhone Developer";
				CODE_SIGN_STYLE = Automatic;
				CURRENT_PROJECT_VERSION = 1;
				DEBUG_INFORMATION_FORMAT = dwarf;
				DEFINES_MODULE = YES;
				DEVELOPMENT_TEAM = UMH9Q352QB;
				DYLIB_COMPATIBILITY_VERSION = 1;
				DYLIB_CURRENT_VERSION = 1;
				DYLIB_INSTALL_NAME_BASE = "@rpath";
				GCC_C_LANGUAGE_STANDARD = gnu11;
				GCC_WARN_ABOUT_RETURN_TYPE = YES_ERROR;
				GCC_WARN_UNINITIALIZED_AUTOS = YES_AGGRESSIVE;
				INFOPLIST_FILE = "$(PROJECT_DIR)/project/Classes/Swift/Info.plist";
				INSTALL_PATH = "$(LOCAL_LIBRARY_DIR)/Frameworks";
				IPHONEOS_DEPLOYMENT_TARGET = 11.2;
				LD_RUNPATH_SEARCH_PATHS = "$(inherited) @executable_path/Frameworks @loader_path/Frameworks";
				MTL_ENABLE_DEBUG_INFO = YES;
				PRODUCT_BUNDLE_IDENTIFIER = ceramic.SwiftClasses;
				PRODUCT_NAME = "$(TARGET_NAME:c99extidentifier)";
				SKIP_INSTALL = YES;
				SWIFT_ACTIVE_COMPILATION_CONDITIONS = DEBUG;
				SWIFT_OPTIMIZATION_LEVEL = "-Onone";
				SWIFT_VERSION = 4.0;
				TARGETED_DEVICE_FAMILY = "1,2";
				VERSIONING_SYSTEM = "apple-generic";
				VERSION_INFO_PREFIX = "";
			};
			name = Debug;
		};
		7E7BE92C2029EA0300CBF16B /* Release */ = {
			isa = XCBuildConfiguration;
			buildSettings = {
				CLANG_ANALYZER_NONNULL = YES;
				CLANG_ANALYZER_NUMBER_OBJECT_CONVERSION = YES_AGGRESSIVE;
				CLANG_CXX_LANGUAGE_STANDARD = "gnu++14";
				CLANG_CXX_LIBRARY = "libc++";
				CLANG_ENABLE_MODULES = YES;
				CLANG_ENABLE_OBJC_ARC = YES;
				CLANG_WARN_DIRECT_OBJC_ISA_USAGE = YES_ERROR;
				CLANG_WARN_DOCUMENTATION_COMMENTS = YES;
				CLANG_WARN_OBJC_ROOT_CLASS = YES_ERROR;
				CLANG_WARN_UNGUARDED_AVAILABILITY = YES_AGGRESSIVE;
				CODE_SIGN_IDENTITY = "iPhone Developer";
				"CODE_SIGN_IDENTITY[sdk=iphoneos*]" = "iPhone Developer";
				CODE_SIGN_STYLE = Automatic;
				COPY_PHASE_STRIP = NO;
				CURRENT_PROJECT_VERSION = 1;
				DEBUG_INFORMATION_FORMAT = "dwarf-with-dsym";
				DEFINES_MODULE = YES;
				DEVELOPMENT_TEAM = UMH9Q352QB;
				DYLIB_COMPATIBILITY_VERSION = 1;
				DYLIB_CURRENT_VERSION = 1;
				DYLIB_INSTALL_NAME_BASE = "@rpath";
				ENABLE_NS_ASSERTIONS = NO;
				GCC_C_LANGUAGE_STANDARD = gnu11;
				GCC_WARN_ABOUT_RETURN_TYPE = YES_ERROR;
				GCC_WARN_UNINITIALIZED_AUTOS = YES_AGGRESSIVE;
				INFOPLIST_FILE = "$(PROJECT_DIR)/project/Classes/Swift/Info.plist";
				INSTALL_PATH = "$(LOCAL_LIBRARY_DIR)/Frameworks";
				IPHONEOS_DEPLOYMENT_TARGET = 11.2;
				LD_RUNPATH_SEARCH_PATHS = "$(inherited) @executable_path/Frameworks @loader_path/Frameworks";
				MTL_ENABLE_DEBUG_INFO = NO;
				PRODUCT_BUNDLE_IDENTIFIER = ceramic.SwiftClasses;
				PRODUCT_NAME = "$(TARGET_NAME:c99extidentifier)";
				SKIP_INSTALL = YES;
				SWIFT_OPTIMIZATION_LEVEL = "-Owholemodule";
				SWIFT_VERSION = 4.0;
				TARGETED_DEVICE_FAMILY = "1,2";
				VERSIONING_SYSTEM = "apple-generic";
				VERSION_INFO_PREFIX = "";
			};
			name = Release;
		};
		C01FCF4F08A954540054247B /* Debug */ = {
			isa = XCBuildConfiguration;
			buildSettings = {
				ALWAYS_SEARCH_USER_PATHS = NO;
				CLANG_WARN_BLOCK_CAPTURE_AUTORELEASING = YES;
				CLANG_WARN_BOOL_CONVERSION = YES;
				CLANG_WARN_COMMA = YES;
				CLANG_WARN_CONSTANT_CONVERSION = YES;
				CLANG_WARN_EMPTY_BODY = YES;
				CLANG_WARN_ENUM_CONVERSION = YES;
				CLANG_WARN_INFINITE_RECURSION = YES;
				CLANG_WARN_INT_CONVERSION = YES;
				CLANG_WARN_NON_LITERAL_NULL_CONVERSION = YES;
				CLANG_WARN_OBJC_LITERAL_CONVERSION = YES;
				CLANG_WARN_RANGE_LOOP_ANALYSIS = YES;
				CLANG_WARN_STRICT_PROTOTYPES = YES;
				CLANG_WARN_SUSPICIOUS_MOVE = YES;
				CLANG_WARN_UNREACHABLE_CODE = YES;
				CLANG_WARN__DUPLICATE_METHOD_MATCH = YES;
				COPY_PHASE_STRIP = NO;
				ENABLE_STRICT_OBJC_MSGSEND = YES;
				ENABLE_TESTABILITY = YES;
				GCC_C_LANGUAGE_STANDARD = gnu99;
				GCC_DYNAMIC_NO_PIC = NO;
				GCC_NO_COMMON_BLOCKS = YES;
				GCC_OPTIMIZATION_LEVEL = 0;
				GCC_PREPROCESSOR_DEFINITIONS = (
					"DEBUG=1",
					"$(inherited)",
				);
				GCC_SYMBOLS_PRIVATE_EXTERN = NO;
				GCC_WARN_64_TO_32_BIT_CONVERSION = YES;
				GCC_WARN_ABOUT_RETURN_TYPE = YES;
				GCC_WARN_UNDECLARED_SELECTOR = YES;
				GCC_WARN_UNINITIALIZED_AUTOS = YES;
				GCC_WARN_UNUSED_FUNCTION = YES;
				GCC_WARN_UNUSED_VARIABLE = YES;
				ONLY_ACTIVE_ARCH = YES;
				SDKROOT = iphoneos;
			};
			name = Debug;
		};
		C01FCF5008A954540054247B /* Release */ = {
			isa = XCBuildConfiguration;
			buildSettings = {
				ALWAYS_SEARCH_USER_PATHS = NO;
				CLANG_WARN_BLOCK_CAPTURE_AUTORELEASING = YES;
				CLANG_WARN_BOOL_CONVERSION = YES;
				CLANG_WARN_COMMA = YES;
				CLANG_WARN_CONSTANT_CONVERSION = YES;
				CLANG_WARN_EMPTY_BODY = YES;
				CLANG_WARN_ENUM_CONVERSION = YES;
				CLANG_WARN_INFINITE_RECURSION = YES;
				CLANG_WARN_INT_CONVERSION = YES;
				CLANG_WARN_NON_LITERAL_NULL_CONVERSION = YES;
				CLANG_WARN_OBJC_LITERAL_CONVERSION = YES;
				CLANG_WARN_RANGE_LOOP_ANALYSIS = YES;
				CLANG_WARN_STRICT_PROTOTYPES = YES;
				CLANG_WARN_SUSPICIOUS_MOVE = YES;
				CLANG_WARN_UNREACHABLE_CODE = YES;
				CLANG_WARN__DUPLICATE_METHOD_MATCH = YES;
				COPY_PHASE_STRIP = YES;
				ENABLE_STRICT_OBJC_MSGSEND = YES;
				GCC_C_LANGUAGE_STANDARD = gnu99;
				GCC_NO_COMMON_BLOCKS = YES;
				GCC_WARN_64_TO_32_BIT_CONVERSION = YES;
				GCC_WARN_ABOUT_RETURN_TYPE = YES;
				GCC_WARN_UNDECLARED_SELECTOR = YES;
				GCC_WARN_UNINITIALIZED_AUTOS = YES;
				GCC_WARN_UNUSED_FUNCTION = YES;
				GCC_WARN_UNUSED_VARIABLE = YES;
				OTHER_CFLAGS = "-DNS_BLOCK_ASSERTIONS=1";
				SDKROOT = iphoneos;
				VALIDATE_PRODUCT = YES;
			};
			name = Release;
		};
/* End XCBuildConfiguration section */

/* Begin XCConfigurationList section */
		1D6058960D05DD3E006BFB54 /* Build configuration list for PBXNativeTarget "MyApp" */ = {
			isa = XCConfigurationList;
			buildConfigurations = (
				1D6058940D05DD3E006BFB54 /* Debug */,
				1D6058950D05DD3E006BFB54 /* Release */,
			);
			defaultConfigurationIsVisible = 0;
			defaultConfigurationName = Release;
		};
		7E7BE92D2029EA0300CBF16B /* Build configuration list for PBXNativeTarget "SwiftClasses" */ = {
			isa = XCConfigurationList;
			buildConfigurations = (
				7E7BE92B2029EA0300CBF16B /* Debug */,
				7E7BE92C2029EA0300CBF16B /* Release */,
			);
			defaultConfigurationIsVisible = 0;
			defaultConfigurationName = Release;
		};
		C01FCF4E08A954540054247B /* Build configuration list for PBXProject "MyApp" */ = {
			isa = XCConfigurationList;
			buildConfigurations = (
				C01FCF4F08A954540054247B /* Debug */,
				C01FCF5008A954540054247B /* Release */,
			);
			defaultConfigurationIsVisible = 0;
			defaultConfigurationName = Release;
		};
/* End XCConfigurationList section */
	};
	rootObject = 29B97313FDCFA39411CA2CEA /* Project object */;
}
